
Microsoft Visual Studio Solution File, Format Version 12.00
# Visual Studio Version 17
VisualStudioVersion = 17.0.31903.59
MinimumVisualStudioVersion = 10.0.40219.1

# Backend API
Project("{FAE04EC0-301F-11D3-BF4B-00C04F79EFBC}") = "HammamAPI.Domain", "src\HammamAPI\HammamAPI.Domain\HammamAPI.Domain.csproj", "{1A2B3C4D-1111-1111-1111-111111111111}"
EndProject
Project("{FAE04EC0-301F-11D3-BF4B-00C04F79EFBC}") = "HammamAPI.Application", "src\HammamAPI\HammamAPI.Application\HammamAPI.Application.csproj", "{1A2B3C4D-2222-2222-2222-222222222222}"
EndProject
Project("{FAE04EC0-301F-11D3-BF4B-00C04F79EFBC}") = "HammamAPI.Infrastructure", "src\HammamAPI\HammamAPI.Infrastructure\HammamAPI.Infrastructure.csproj", "{1A2B3C4D-3333-3333-3333-333333333333}"
EndProject
Project("{FAE04EC0-301F-11D3-BF4B-00C04F79EFBC}") = "HammamAPI.WebAPI", "src\HammamAPI\HammamAPI.WebAPI\HammamAPI.WebAPI.csproj", "{1A2B3C4D-4444-4444-4444-444444444444}"
EndProject

# Desktop App
Project("{FAE04EC0-301F-11D3-BF4B-00C04F79EFBC}") = "HammamDesktop.App", "src\HammamDesktop\HammamDesktop.App\HammamDesktop.App.csproj", "{1A2B3C4D-5555-5555-5555-555555555555}"
EndProject

Global
	GlobalSection(SolutionConfigurationPlatforms) = preSolution
		Debug|Any CPU = Debug|Any CPU
		Release|Any CPU = Release|Any CPU
	EndGlobalSection
	GlobalSection(ProjectConfigurationPlatforms) = postSolution
		{1A2B3C4D-1111-1111-1111-111111111111}.Debug|Any CPU.ActiveCfg = Debug|Any CPU
		{1A2B3C4D-1111-1111-1111-111111111111}.Debug|Any CPU.Build.0 = Debug|Any CPU
		{1A2B3C4D-1111-1111-1111-111111111111}.Release|Any CPU.ActiveCfg = Release|Any CPU
		{1A2B3C4D-1111-1111-1111-111111111111}.Release|Any CPU.Build.0 = Release|Any CPU
		{1A2B3C4D-2222-2222-2222-222222222222}.Debug|Any CPU.ActiveCfg = Debug|Any CPU
		{1A2B3C4D-2222-2222-2222-222222222222}.Debug|Any CPU.Build.0 = Debug|Any CPU
		{1A2B3C4D-2222-2222-2222-222222222222}.Release|Any CPU.ActiveCfg = Release|Any CPU
		{1A2B3C4D-2222-2222-2222-222222222222}.Release|Any CPU.Build.0 = Release|Any CPU
		{1A2B3C4D-3333-3333-3333-333333333333}.Debug|Any CPU.ActiveCfg = Debug|Any CPU
		{1A2B3C4D-3333-3333-3333-333333333333}.Debug|Any CPU.Build.0 = Debug|Any CPU
		{1A2B3C4D-3333-3333-3333-333333333333}.Release|Any CPU.ActiveCfg = Release|Any CPU
		{1A2B3C4D-3333-3333-3333-333333333333}.Release|Any CPU.Build.0 = Release|Any CPU
		{1A2B3C4D-4444-4444-4444-444444444444}.Debug|Any CPU.ActiveCfg = Debug|Any CPU
		{1A2B3C4D-4444-4444-4444-444444444444}.Debug|Any CPU.Build.0 = Debug|Any CPU
		{1A2B3C4D-4444-4444-4444-444444444444}.Release|Any CPU.ActiveCfg = Release|Any CPU
		{1A2B3C4D-4444-4444-4444-444444444444}.Release|Any CPU.Build.0 = Release|Any CPU
		{1A2B3C4D-5555-5555-5555-555555555555}.Debug|Any CPU.ActiveCfg = Debug|Any CPU
		{1A2B3C4D-5555-5555-5555-555555555555}.Debug|Any CPU.Build.0 = Debug|Any CPU
		{1A2B3C4D-5555-5555-5555-555555555555}.Release|Any CPU.ActiveCfg = Release|Any CPU
		{1A2B3C4D-5555-5555-5555-555555555555}.Release|Any CPU.Build.0 = Release|Any CPU
	EndGlobalSection
	GlobalSection(SolutionProperties) = preSolution
		HideSolutionNode = FALSE
	EndGlobalSection
EndGlobal
